// !$*UTF8*$!
{
	archiveVersion = 1;
	classes = {
	};
	objectVersion = 50;
	objects = {

/* Begin PBXBuildFile section */
		BA740DF720C90F60004D4966 /* AppDelegate.swift in Sources */ = {isa = PBXBuildFile; fileRef = BA740DF620C90F60004D4966 /* AppDelegate.swift */; };
		BA740DFE20C90F61004D4966 /* Assets.xcassets in Resources */ = {isa = PBXBuildFile; fileRef = BA740DFD20C90F61004D4966 /* Assets.xcassets */; };
		BA740E0120C90F61004D4966 /* LaunchScreen.storyboard in Resources */ = {isa = PBXBuildFile; fileRef = BA740DFF20C90F61004D4966 /* LaunchScreen.storyboard */; };
		BA740E1720C911D7004D4966 /* BaseViewController.swift in Sources */ = {isa = PBXBuildFile; fileRef = BA740E1620C911D7004D4966 /* BaseViewController.swift */; };
		BA740E2320C91596004D4966 /* Literal.swift in Sources */ = {isa = PBXBuildFile; fileRef = BA740E2220C91596004D4966 /* Literal.swift */; };
		BA740E3320C916DA004D4966 /* SpeedConfigurator.swift in Sources */ = {isa = PBXBuildFile; fileRef = BA740E2520C916DA004D4966 /* SpeedConfigurator.swift */; };
		BA740E3420C916DA004D4966 /* SpeedPresenter.swift in Sources */ = {isa = PBXBuildFile; fileRef = BA740E2620C916DA004D4966 /* SpeedPresenter.swift */; };
		BA740E3520C916DA004D4966 /* SpeedRouter.swift in Sources */ = {isa = PBXBuildFile; fileRef = BA740E2720C916DA004D4966 /* SpeedRouter.swift */; };
		BA740E3620C916DA004D4966 /* SpeedViewController.swift in Sources */ = {isa = PBXBuildFile; fileRef = BA740E2820C916DA004D4966 /* SpeedViewController.swift */; };
		BA740E3720C916DA004D4966 /* AngleConfigurator.swift in Sources */ = {isa = PBXBuildFile; fileRef = BA740E2A20C916DA004D4966 /* AngleConfigurator.swift */; };
		BA740E3820C916DA004D4966 /* AnglePresenter.swift in Sources */ = {isa = PBXBuildFile; fileRef = BA740E2B20C916DA004D4966 /* AnglePresenter.swift */; };
		BA740E3920C916DA004D4966 /* AngleRouter.swift in Sources */ = {isa = PBXBuildFile; fileRef = BA740E2C20C916DA004D4966 /* AngleRouter.swift */; };
		BA740E3A20C916DA004D4966 /* AngleViewController.swift in Sources */ = {isa = PBXBuildFile; fileRef = BA740E2D20C916DA004D4966 /* AngleViewController.swift */; };
		BA740E3B20C916DA004D4966 /* RulerConfigurator.swift in Sources */ = {isa = PBXBuildFile; fileRef = BA740E2F20C916DA004D4966 /* RulerConfigurator.swift */; };
		BA740E3C20C916DA004D4966 /* RulerPresenter.swift in Sources */ = {isa = PBXBuildFile; fileRef = BA740E3020C916DA004D4966 /* RulerPresenter.swift */; };
		BA740E3D20C916DA004D4966 /* RulerRouter.swift in Sources */ = {isa = PBXBuildFile; fileRef = BA740E3120C916DA004D4966 /* RulerRouter.swift */; };
		BA740E3E20C916DA004D4966 /* RulerViewController.swift in Sources */ = {isa = PBXBuildFile; fileRef = BA740E3220C916DA004D4966 /* RulerViewController.swift */; };
		BA740E4020C91830004D4966 /* Main.storyboard in Resources */ = {isa = PBXBuildFile; fileRef = BA740E3F20C91830004D4966 /* Main.storyboard */; };
		BA740E4220C918A2004D4966 /* Angle.storyboard in Resources */ = {isa = PBXBuildFile; fileRef = BA740E4120C918A2004D4966 /* Angle.storyboard */; };
/* End PBXBuildFile section */

/* Begin PBXFileReference section */
		BA740DF320C90F60004D4966 /* measurement_tools.app */ = {isa = PBXFileReference; explicitFileType = wrapper.application; includeInIndex = 0; path = measurement_tools.app; sourceTree = BUILT_PRODUCTS_DIR; };
		BA740DF620C90F60004D4966 /* AppDelegate.swift */ = {isa = PBXFileReference; lastKnownFileType = sourcecode.swift; path = AppDelegate.swift; sourceTree = "<group>"; };
		BA740DFD20C90F61004D4966 /* Assets.xcassets */ = {isa = PBXFileReference; lastKnownFileType = folder.assetcatalog; path = Assets.xcassets; sourceTree = "<group>"; };
		BA740E0020C90F61004D4966 /* Base */ = {isa = PBXFileReference; lastKnownFileType = file.storyboard; name = Base; path = Base.lproj/LaunchScreen.storyboard; sourceTree = "<group>"; };
		BA740E0220C90F61004D4966 /* Info.plist */ = {isa = PBXFileReference; lastKnownFileType = text.plist.xml; path = Info.plist; sourceTree = "<group>"; };
		BA740E1620C911D7004D4966 /* BaseViewController.swift */ = {isa = PBXFileReference; lastKnownFileType = sourcecode.swift; path = BaseViewController.swift; sourceTree = "<group>"; };
		BA740E2220C91596004D4966 /* Literal.swift */ = {isa = PBXFileReference; lastKnownFileType = sourcecode.swift; path = Literal.swift; sourceTree = "<group>"; };
		BA740E2520C916DA004D4966 /* SpeedConfigurator.swift */ = {isa = PBXFileReference; fileEncoding = 4; lastKnownFileType = sourcecode.swift; path = SpeedConfigurator.swift; sourceTree = "<group>"; };
		BA740E2620C916DA004D4966 /* SpeedPresenter.swift */ = {isa = PBXFileReference; fileEncoding = 4; lastKnownFileType = sourcecode.swift; path = SpeedPresenter.swift; sourceTree = "<group>"; };
		BA740E2720C916DA004D4966 /* SpeedRouter.swift */ = {isa = PBXFileReference; fileEncoding = 4; lastKnownFileType = sourcecode.swift; path = SpeedRouter.swift; sourceTree = "<group>"; };
		BA740E2820C916DA004D4966 /* SpeedViewController.swift */ = {isa = PBXFileReference; fileEncoding = 4; lastKnownFileType = sourcecode.swift; path = SpeedViewController.swift; sourceTree = "<group>"; };
		BA740E2A20C916DA004D4966 /* AngleConfigurator.swift */ = {isa = PBXFileReference; fileEncoding = 4; lastKnownFileType = sourcecode.swift; path = AngleConfigurator.swift; sourceTree = "<group>"; };
		BA740E2B20C916DA004D4966 /* AnglePresenter.swift */ = {isa = PBXFileReference; fileEncoding = 4; lastKnownFileType = sourcecode.swift; path = AnglePresenter.swift; sourceTree = "<group>"; };
		BA740E2C20C916DA004D4966 /* AngleRouter.swift */ = {isa = PBXFileReference; fileEncoding = 4; lastKnownFileType = sourcecode.swift; path = AngleRouter.swift; sourceTree = "<group>"; };
		BA740E2D20C916DA004D4966 /* AngleViewController.swift */ = {isa = PBXFileReference; fileEncoding = 4; lastKnownFileType = sourcecode.swift; path = AngleViewController.swift; sourceTree = "<group>"; };
		BA740E2F20C916DA004D4966 /* RulerConfigurator.swift */ = {isa = PBXFileReference; fileEncoding = 4; lastKnownFileType = sourcecode.swift; path = RulerConfigurator.swift; sourceTree = "<group>"; };
		BA740E3020C916DA004D4966 /* RulerPresenter.swift */ = {isa = PBXFileReference; fileEncoding = 4; lastKnownFileType = sourcecode.swift; path = RulerPresenter.swift; sourceTree = "<group>"; };
		BA740E3120C916DA004D4966 /* RulerRouter.swift */ = {isa = PBXFileReference; fileEncoding = 4; lastKnownFileType = sourcecode.swift; path = RulerRouter.swift; sourceTree = "<group>"; };
		BA740E3220C916DA004D4966 /* RulerViewController.swift */ = {isa = PBXFileReference; fileEncoding = 4; lastKnownFileType = sourcecode.swift; path = RulerViewController.swift; sourceTree = "<group>"; };
		BA740E3F20C91830004D4966 /* Main.storyboard */ = {isa = PBXFileReference; lastKnownFileType = file.storyboard; path = Main.storyboard; sourceTree = "<group>"; };
		BA740E4120C918A2004D4966 /* Angle.storyboard */ = {isa = PBXFileReference; lastKnownFileType = file.storyboard; path = Angle.storyboard; sourceTree = "<group>"; };
/* End PBXFileReference section */

/* Begin PBXFrameworksBuildPhase section */
		BA740DF020C90F60004D4966 /* Frameworks */ = {
			isa = PBXFrameworksBuildPhase;
			buildActionMask = 2147483647;
			files = (
			);
			runOnlyForDeploymentPostprocessing = 0;
		};
/* End PBXFrameworksBuildPhase section */

/* Begin PBXGroup section */
		BA740DEA20C90F60004D4966 = {
			isa = PBXGroup;
			children = (
				BA740DF520C90F60004D4966 /* measurement_tools */,
				BA740DF420C90F60004D4966 /* Products */,
			);
			sourceTree = "<group>";
		};
		BA740DF420C90F60004D4966 /* Products */ = {
			isa = PBXGroup;
			children = (
				BA740DF320C90F60004D4966 /* measurement_tools.app */,
			);
			name = Products;
			sourceTree = "<group>";
		};
		BA740DF520C90F60004D4966 /* measurement_tools */ = {
			isa = PBXGroup;
			children = (
				BA740E0820C9108C004D4966 /* Classes */,
				BA740E0B20C910B9004D4966 /* Config */,
				BA740E0A20C910AF004D4966 /* Resourse */,
			);
			path = measurement_tools;
			sourceTree = "<group>";
		};
		BA740E0820C9108C004D4966 /* Classes */ = {
			isa = PBXGroup;
			children = (
				BA740E2020C91554004D4966 /* Helpers */,
				BA740DF620C90F60004D4966 /* AppDelegate.swift */,
				BA740E1520C911C3004D4966 /* Basic */,
				BA740E0920C9109E004D4966 /* Modules */,
			);
			path = Classes;
			sourceTree = "<group>";
		};
		BA740E0920C9109E004D4966 /* Modules */ = {
			isa = PBXGroup;
			children = (
				BA740E3F20C91830004D4966 /* Main.storyboard */,
				BA740E2920C916DA004D4966 /* Angle */,
				BA740E2E20C916DA004D4966 /* Ruler */,
				BA740E2420C916DA004D4966 /* Speed */,
			);
			path = Modules;
			sourceTree = "<group>";
		};
		BA740E0A20C910AF004D4966 /* Resourse */ = {
			isa = PBXGroup;
			children = (
				BA740DFD20C90F61004D4966 /* Assets.xcassets */,
			);
			path = Resourse;
			sourceTree = "<group>";
		};
		BA740E0B20C910B9004D4966 /* Config */ = {
			isa = PBXGroup;
			children = (
				BA740DFF20C90F61004D4966 /* LaunchScreen.storyboard */,
				BA740E0220C90F61004D4966 /* Info.plist */,
			);
			path = Config;
			sourceTree = "<group>";
		};
		BA740E1520C911C3004D4966 /* Basic */ = {
			isa = PBXGroup;
			children = (
				BA740E1620C911D7004D4966 /* BaseViewController.swift */,
			);
			path = Basic;
			sourceTree = "<group>";
		};
		BA740E2020C91554004D4966 /* Helpers */ = {
			isa = PBXGroup;
			children = (
				BA740E2120C91580004D4966 /* Constants */,
			);
			path = Helpers;
			sourceTree = "<group>";
		};
		BA740E2120C91580004D4966 /* Constants */ = {
			isa = PBXGroup;
			children = (
				BA740E2220C91596004D4966 /* Literal.swift */,
			);
			path = Constants;
			sourceTree = "<group>";
		};
		BA740E2420C916DA004D4966 /* Speed */ = {
			isa = PBXGroup;
			children = (
				BA740E2520C916DA004D4966 /* SpeedConfigurator.swift */,
				BA740E2620C916DA004D4966 /* SpeedPresenter.swift */,
				BA740E2720C916DA004D4966 /* SpeedRouter.swift */,
				BA740E2820C916DA004D4966 /* SpeedViewController.swift */,
			);
			path = Speed;
			sourceTree = "<group>";
		};
		BA740E2920C916DA004D4966 /* Angle */ = {
			isa = PBXGroup;
			children = (
				BA740E4120C918A2004D4966 /* Angle.storyboard */,
				BA740E2D20C916DA004D4966 /* AngleViewController.swift */,
				BA740E2B20C916DA004D4966 /* AnglePresenter.swift */,
				BA740E2C20C916DA004D4966 /* AngleRouter.swift */,
				BA740E2A20C916DA004D4966 /* AngleConfigurator.swift */,
			);
			path = Angle;
			sourceTree = "<group>";
		};
		BA740E2E20C916DA004D4966 /* Ruler */ = {
			isa = PBXGroup;
			children = (
				BA740E2F20C916DA004D4966 /* RulerConfigurator.swift */,
				BA740E3020C916DA004D4966 /* RulerPresenter.swift */,
				BA740E3120C916DA004D4966 /* RulerRouter.swift */,
				BA740E3220C916DA004D4966 /* RulerViewController.swift */,
			);
			path = Ruler;
			sourceTree = "<group>";
		};
/* End PBXGroup section */

/* Begin PBXNativeTarget section */
		BA740DF220C90F60004D4966 /* measurement_tools */ = {
			isa = PBXNativeTarget;
			buildConfigurationList = BA740E0520C90F61004D4966 /* Build configuration list for PBXNativeTarget "measurement_tools" */;
			buildPhases = (
				BA740DEF20C90F60004D4966 /* Sources */,
				BA740DF020C90F60004D4966 /* Frameworks */,
				BA740DF120C90F60004D4966 /* Resources */,
			);
			buildRules = (
			);
			dependencies = (
			);
			name = measurement_tools;
			productName = measurement_tools;
			productReference = BA740DF320C90F60004D4966 /* measurement_tools.app */;
			productType = "com.apple.product-type.application";
		};
/* End PBXNativeTarget section */

/* Begin PBXProject section */
		BA740DEB20C90F60004D4966 /* Project object */ = {
			isa = PBXProject;
			attributes = {
				LastSwiftUpdateCheck = 0940;
				LastUpgradeCheck = 0940;
				ORGANIZATIONNAME = k0ngo;
				TargetAttributes = {
					BA740DF220C90F60004D4966 = {
						CreatedOnToolsVersion = 9.4;
					};
				};
			};
			buildConfigurationList = BA740DEE20C90F60004D4966 /* Build configuration list for PBXProject "measurement_tools" */;
			compatibilityVersion = "Xcode 9.3";
			developmentRegion = en;
			hasScannedForEncodings = 0;
			knownRegions = (
				en,
				Base,
			);
			mainGroup = BA740DEA20C90F60004D4966;
			productRefGroup = BA740DF420C90F60004D4966 /* Products */;
			projectDirPath = "";
			projectRoot = "";
			targets = (
				BA740DF220C90F60004D4966 /* measurement_tools */,
			);
		};
/* End PBXProject section */

/* Begin PBXResourcesBuildPhase section */
		BA740DF120C90F60004D4966 /* Resources */ = {
			isa = PBXResourcesBuildPhase;
			buildActionMask = 2147483647;
			files = (
				BA740E4220C918A2004D4966 /* Angle.storyboard in Resources */,
				BA740E0120C90F61004D4966 /* LaunchScreen.storyboard in Resources */,
				BA740E4020C91830004D4966 /* Main.storyboard in Resources */,
				BA740DFE20C90F61004D4966 /* Assets.xcassets in Resources */,
			);
			runOnlyForDeploymentPostprocessing = 0;
		};
/* End PBXResourcesBuildPhase section */

/* Begin PBXSourcesBuildPhase section */
		BA740DEF20C90F60004D4966 /* Sources */ = {
			isa = PBXSourcesBuildPhase;
			buildActionMask = 2147483647;
			files = (
				BA740E3620C916DA004D4966 /* SpeedViewController.swift in Sources */,
				BA740E3E20C916DA004D4966 /* RulerViewController.swift in Sources */,
				BA740E3720C916DA004D4966 /* AngleConfigurator.swift in Sources */,
				BA740E3420C916DA004D4966 /* SpeedPresenter.swift in Sources */,
				BA740E3520C916DA004D4966 /* SpeedRouter.swift in Sources */,
				BA740E3320C916DA004D4966 /* SpeedConfigurator.swift in Sources */,
				BA740E3C20C916DA004D4966 /* RulerPresenter.swift in Sources */,
				BA740E3B20C916DA004D4966 /* RulerConfigurator.swift in Sources */,
				BA740E3A20C916DA004D4966 /* AngleViewController.swift in Sources */,
				BA740E3D20C916DA004D4966 /* RulerRouter.swift in Sources */,
				BA740E3920C916DA004D4966 /* AngleRouter.swift in Sources */,
				BA740E3820C916DA004D4966 /* AnglePresenter.swift in Sources */,
				BA740E2320C91596004D4966 /* Literal.swift in Sources */,
				BA740E1720C911D7004D4966 /* BaseViewController.swift in Sources */,
				BA740DF720C90F60004D4966 /* AppDelegate.swift in Sources */,
			);
			runOnlyForDeploymentPostprocessing = 0;
		};
/* End PBXSourcesBuildPhase section */

/* Begin PBXVariantGroup section */
		BA740DFF20C90F61004D4966 /* LaunchScreen.storyboard */ = {
			isa = PBXVariantGroup;
			children = (
				BA740E0020C90F61004D4966 /* Base */,
			);
			name = LaunchScreen.storyboard;
			sourceTree = "<group>";
		};
/* End PBXVariantGroup section */

/* Begin XCBuildConfiguration section */
		BA740E0320C90F61004D4966 /* Debug */ = {
			isa = XCBuildConfiguration;
			buildSettings = {
				ALWAYS_SEARCH_USER_PATHS = NO;
				CLANG_ANALYZER_NONNULL = YES;
				CLANG_ANALYZER_NUMBER_OBJECT_CONVERSION = YES_AGGRESSIVE;
				CLANG_CXX_LANGUAGE_STANDARD = "gnu++14";
				CLANG_CXX_LIBRARY = "libc++";
				CLANG_ENABLE_MODULES = YES;
				CLANG_ENABLE_OBJC_ARC = YES;
				CLANG_ENABLE_OBJC_WEAK = YES;
				CLANG_WARN_BLOCK_CAPTURE_AUTORELEASING = YES;
				CLANG_WARN_BOOL_CONVERSION = YES;
				CLANG_WARN_COMMA = YES;
				CLANG_WARN_CONSTANT_CONVERSION = YES;
				CLANG_WARN_DEPRECATED_OBJC_IMPLEMENTATIONS = YES;
				CLANG_WARN_DIRECT_OBJC_ISA_USAGE = YES_ERROR;
				CLANG_WARN_DOCUMENTATION_COMMENTS = YES;
				CLANG_WARN_EMPTY_BODY = YES;
				CLANG_WARN_ENUM_CONVERSION = YES;
				CLANG_WARN_INFINITE_RECURSION = YES;
				CLANG_WARN_INT_CONVERSION = YES;
				CLANG_WARN_NON_LITERAL_NULL_CONVERSION = YES;
				CLANG_WARN_OBJC_IMPLICIT_RETAIN_SELF = YES;
				CLANG_WARN_OBJC_LITERAL_CONVERSION = YES;
				CLANG_WARN_OBJC_ROOT_CLASS = YES_ERROR;
				CLANG_WARN_RANGE_LOOP_ANALYSIS = YES;
				CLANG_WARN_STRICT_PROTOTYPES = YES;
				CLANG_WARN_SUSPICIOUS_MOVE = YES;
				CLANG_WARN_UNGUARDED_AVAILABILITY = YES_AGGRESSIVE;
				CLANG_WARN_UNREACHABLE_CODE = YES;
				CLANG_WARN__DUPLICATE_METHOD_MATCH = YES;
				CODE_SIGN_IDENTITY = "iPhone Developer";
				COPY_PHASE_STRIP = NO;
				DEBUG_INFORMATION_FORMAT = dwarf;
				ENABLE_STRICT_OBJC_MSGSEND = YES;
				ENABLE_TESTABILITY = YES;
				GCC_C_LANGUAGE_STANDARD = gnu11;
				GCC_DYNAMIC_NO_PIC = NO;
				GCC_NO_COMMON_BLOCKS = YES;
				GCC_OPTIMIZATION_LEVEL = 0;
				GCC_PREPROCESSOR_DEFINITIONS = (
					"DEBUG=1",
					"$(inherited)",
				);
				GCC_WARN_64_TO_32_BIT_CONVERSION = YES;
				GCC_WARN_ABOUT_RETURN_TYPE = YES_ERROR;
				GCC_WARN_UNDECLARED_SELECTOR = YES;
				GCC_WARN_UNINITIALIZED_AUTOS = YES_AGGRESSIVE;
				GCC_WARN_UNUSED_FUNCTION = YES;
				GCC_WARN_UNUSED_VARIABLE = YES;
				IPHONEOS_DEPLOYMENT_TARGET = 11.4;
				MTL_ENABLE_DEBUG_INFO = YES;
				ONLY_ACTIVE_ARCH = YES;
				SDKROOT = iphoneos;
				SWIFT_ACTIVE_COMPILATION_CONDITIONS = DEBUG;
				SWIFT_OPTIMIZATION_LEVEL = "-Onone";
			};
			name = Debug;
		};
		BA740E0420C90F61004D4966 /* Release */ = {
			isa = XCBuildConfiguration;
			buildSettings = {
				ALWAYS_SEARCH_USER_PATHS = NO;
				CLANG_ANALYZER_NONNULL = YES;
				CLANG_ANALYZER_NUMBER_OBJECT_CONVERSION = YES_AGGRESSIVE;
				CLANG_CXX_LANGUAGE_STANDARD = "gnu++14";
				CLANG_CXX_LIBRARY = "libc++";
				CLANG_ENABLE_MODULES = YES;
				CLANG_ENABLE_OBJC_ARC = YES;
				CLANG_ENABLE_OBJC_WEAK = YES;
				CLANG_WARN_BLOCK_CAPTURE_AUTORELEASING = YES;
				CLANG_WARN_BOOL_CONVERSION = YES;
				CLANG_WARN_COMMA = YES;
				CLANG_WARN_CONSTANT_CONVERSION = YES;
				CLANG_WARN_DEPRECATED_OBJC_IMPLEMENTATIONS = YES;
				CLANG_WARN_DIRECT_OBJC_ISA_USAGE = YES_ERROR;
				CLANG_WARN_DOCUMENTATION_COMMENTS = YES;
				CLANG_WARN_EMPTY_BODY = YES;
				CLANG_WARN_ENUM_CONVERSION = YES;
				CLANG_WARN_INFINITE_RECURSION = YES;
				CLANG_WARN_INT_CONVERSION = YES;
				CLANG_WARN_NON_LITERAL_NULL_CONVERSION = YES;
				CLANG_WARN_OBJC_IMPLICIT_RETAIN_SELF = YES;
				CLANG_WARN_OBJC_LITERAL_CONVERSION = YES;
				CLANG_WARN_OBJC_ROOT_CLASS = YES_ERROR;
				CLANG_WARN_RANGE_LOOP_ANALYSIS = YES;
				CLANG_WARN_STRICT_PROTOTYPES = YES;
				CLANG_WARN_SUSPICIOUS_MOVE = YES;
				CLANG_WARN_UNGUARDED_AVAILABILITY = YES_AGGRESSIVE;
				CLANG_WARN_UNREACHABLE_CODE = YES;
				CLANG_WARN__DUPLICATE_METHOD_MATCH = YES;
				CODE_SIGN_IDENTITY = "iPhone Developer";
				COPY_PHASE_STRIP = NO;
				DEBUG_INFORMATION_FORMAT = "dwarf-with-dsym";
				ENABLE_NS_ASSERTIONS = NO;
				ENABLE_STRICT_OBJC_MSGSEND = YES;
				GCC_C_LANGUAGE_STANDARD = gnu11;
				GCC_NO_COMMON_BLOCKS = YES;
				GCC_WARN_64_TO_32_BIT_CONVERSION = YES;
				GCC_WARN_ABOUT_RETURN_TYPE = YES_ERROR;
				GCC_WARN_UNDECLARED_SELECTOR = YES;
				GCC_WARN_UNINITIALIZED_AUTOS = YES_AGGRESSIVE;
				GCC_WARN_UNUSED_FUNCTION = YES;
				GCC_WARN_UNUSED_VARIABLE = YES;
				IPHONEOS_DEPLOYMENT_TARGET = 11.4;
				MTL_ENABLE_DEBUG_INFO = NO;
				SDKROOT = iphoneos;
				SWIFT_COMPILATION_MODE = wholemodule;
				SWIFT_OPTIMIZATION_LEVEL = "-O";
				VALIDATE_PRODUCT = YES;
			};
			name = Release;
		};
		BA740E0620C90F61004D4966 /* Debug */ = {
			isa = XCBuildConfiguration;
			buildSettings = {
				ASSETCATALOG_COMPILER_APPICON_NAME = AppIcon;
				CODE_SIGN_STYLE = Automatic;
				DEVELOPMENT_TEAM = Z8TT3XQ434;
				INFOPLIST_FILE = "$(SRCROOT)/measurement_tools/Config/Info.plist";
				LD_RUNPATH_SEARCH_PATHS = (
					"$(inherited)",
					"@executable_path/Frameworks",
				);
				PRODUCT_BUNDLE_IDENTIFIER = "com.k0ngo.measurement-tools";
				PRODUCT_NAME = "$(TARGET_NAME)";
				SWIFT_VERSION = 4.0;
				TARGETED_DEVICE_FAMILY = "1,2";
			};
			name = Debug;
		};
		BA740E0720C90F61004D4966 /* Release */ = {
			isa = XCBuildConfiguration;
			buildSettings = {
				ASSETCATALOG_COMPILER_APPICON_NAME = AppIcon;
				CODE_SIGN_STYLE = Automatic;
				DEVELOPMENT_TEAM = Z8TT3XQ434;
				INFOPLIST_FILE = "$(SRCROOT)/measurement_tools/Config/Info.plist";
				LD_RUNPATH_SEARCH_PATHS = (
					"$(inherited)",
					"@executable_path/Frameworks",
				);
				PRODUCT_BUNDLE_IDENTIFIER = "com.k0ngo.measurement-tools";
				PRODUCT_NAME = "$(TARGET_NAME)";
				SWIFT_VERSION = 4.0;
				TARGETED_DEVICE_FAMILY = "1,2";
			};
			name = Release;
		};
/* End XCBuildConfiguration section */

/* Begin XCConfigurationList section */
		BA740DEE20C90F60004D4966 /* Build configuration list for PBXProject "measurement_tools" */ = {
			isa = XCConfigurationList;
			buildConfigurations = (
				BA740E0320C90F61004D4966 /* Debug */,
				BA740E0420C90F61004D4966 /* Release */,
			);
			defaultConfigurationIsVisible = 0;
			defaultConfigurationName = Release;
		};
		BA740E0520C90F61004D4966 /* Build configuration list for PBXNativeTarget "measurement_tools" */ = {
			isa = XCConfigurationList;
			buildConfigurations = (
				BA740E0620C90F61004D4966 /* Debug */,
				BA740E0720C90F61004D4966 /* Release */,
			);
			defaultConfigurationIsVisible = 0;
			defaultConfigurationName = Release;
		};
/* End XCConfigurationList section */
	};
	rootObject = BA740DEB20C90F60004D4966 /* Project object */;
}
